
Microsoft Visual Studio Solution File, Format Version 12.00
# Visual Studio Version 17
VisualStudioVersion = 17.0.31903.59
MinimumVisualStudioVersion = 10.0.40219.1
Project("{2150E333-8FDC-42A3-9474-1A3956D46DE8}") = "src", "src", "{D4E24E76-8087-4F0F-92C9-13A7FD89A3FC}"
EndProject
Project("{FAE04EC0-301F-11D3-BF4B-00C04F79EFBC}") = "SingamDB.Core", "src\SingamDB.Core\SingamDB.Core.csproj", "{3156ED45-D497-43BB-BF27-CCC4D0FCBAC9}"
EndProject
Project("{FAE04EC0-301F-11D3-BF4B-00C04F79EFBC}") = "SingamDB.Storage", "src\SingamDB.Storage\SingamDB.Storage.csproj", "{EC3EEFEA-64AB-4E2A-ADA7-6B7FFAD0725D}"
EndProject
Project("{FAE04EC0-301F-11D3-BF4B-00C04F79EFBC}") = "SingamDB.Indexing", "src\SingamDB.Indexing\SingamDB.Indexing.csproj", "{77B5C86B-A319-4BF0-918E-C2C409DCAFCE}"
EndProject
Project("{FAE04EC0-301F-11D3-BF4B-00C04F79EFBC}") = "SingamDB.Query", "src\SingamDB.Query\SingamDB.Query.csproj", "{5ECB3389-0CAE-4EB8-8C07-8F29D58023E8}"
EndProject
Project("{FAE04EC0-301F-11D3-BF4B-00C04F79EFBC}") = "SingamDB.Network", "src\SingamDB.Network\SingamDB.Network.csproj", "{BB20B036-0E0D-4290-8F27-F624635F5C98}"
EndProject
Project("{FAE04EC0-301F-11D3-BF4B-00C04F79EFBC}") = "SingamDB.CLI", "src\SingamDB.CLI\SingamDB.CLI.csproj", "{F294F7E6-99AB-47A0-A1F2-117CC664BA4B}"
EndProject
Project("{2150E333-8FDC-42A3-9474-1A3956D46DE8}") = "tests", "tests", "{EBE9E7B7-1249-48B5-ADDB-755363B5FAB4}"
EndProject
Project("{FAE04EC0-301F-11D3-BF4B-00C04F79EFBC}") = "SingamDB.Core.Tests", "tests\SingamDB.Core.Tests\SingamDB.Core.Tests.csproj", "{DD0072D7-D81F-4699-80BC-93C813F26F82}"
EndProject
Project("{FAE04EC0-301F-11D3-BF4B-00C04F79EFBC}") = "SingamDB.Query.Tests", "tests\SingamDB.Query.Tests\SingamDB.Query.Tests.csproj", "{E5A7C1E3-4240-45D6-A33E-C86F176E3946}"
EndProject
Project("{FAE04EC0-301F-11D3-BF4B-00C04F79EFBC}") = "SingamDB.IntegrationTests", "tests\SingamDB.IntegrationTests\SingamDB.IntegrationTests.csproj", "{29E448B3-20E9-4DF4-B823-AA75F3EFF65E}"
EndProject
Project("{2150E333-8FDC-42A3-9474-1A3956D46DE8}") = "examples", "examples", "{A9E0A5B0-0659-43D7-8DA6-ED833AFD589F}"
EndProject
Project("{FAE04EC0-301F-11D3-BF4B-00C04F79EFBC}") = "basic-usage", "examples\basic-usage\basic-usage.csproj", "{7C73F127-0B64-4854-92DA-E07CC1BB5298}"
EndProject
Project("{FAE04EC0-301F-11D3-BF4B-00C04F79EFBC}") = "crud-example", "examples\crud-example\crud-example.csproj", "{B5304F67-F23D-4ED8-942D-FDDE64833CD5}"
EndProject
Project("{FAE04EC0-301F-11D3-BF4B-00C04F79EFBC}") = "advanced-query", "examples\advanced-query\advanced-query.csproj", "{3F5BACC4-BAAB-4BDB-A215-AC51A6887DC6}"
EndProject
Project("{FAE04EC0-301F-11D3-BF4B-00C04F79EFBC}") = "SingamDB.Server", "SingamDB.Server\SingamDB.Server.csproj", "{FD07009A-B16C-4A24-AEC1-A275955E5EE3}"
EndProject
Project("{FAE04EC0-301F-11D3-BF4B-00C04F79EFBC}") = "SingamDB.Benchmark", "SingamDB.Benchmark\SingamDB.Benchmark.csproj", "{84D1854B-6133-434E-9F58-1BADAFFED114}"
EndProject
Project("{FAE04EC0-301F-11D3-BF4B-00C04F79EFBC}") = "SingamDB.HttpBenchmark", "SingamDB.HttpBenchmark\SingamDB.HttpBenchmark.csproj", "{5228E975-9170-46B2-ABBF-F4C26BF67168}"
EndProject
Global
	GlobalSection(SolutionConfigurationPlatforms) = preSolution
		Debug|Any CPU = Debug|Any CPU
		Release|Any CPU = Release|Any CPU
	EndGlobalSection
	GlobalSection(SolutionProperties) = preSolution
		HideSolutionNode = FALSE
	EndGlobalSection
	GlobalSection(ProjectConfigurationPlatforms) = postSolution
		{3156ED45-D497-43BB-BF27-CCC4D0FCBAC9}.Debug|Any CPU.ActiveCfg = Debug|Any CPU
		{3156ED45-D497-43BB-BF27-CCC4D0FCBAC9}.Debug|Any CPU.Build.0 = Debug|Any CPU
		{3156ED45-D497-43BB-BF27-CCC4D0FCBAC9}.Release|Any CPU.ActiveCfg = Release|Any CPU
		{3156ED45-D497-43BB-BF27-CCC4D0FCBAC9}.Release|Any CPU.Build.0 = Release|Any CPU
		{EC3EEFEA-64AB-4E2A-ADA7-6B7FFAD0725D}.Debug|Any CPU.ActiveCfg = Debug|Any CPU
		{EC3EEFEA-64AB-4E2A-ADA7-6B7FFAD0725D}.Debug|Any CPU.Build.0 = Debug|Any CPU
		{EC3EEFEA-64AB-4E2A-ADA7-6B7FFAD0725D}.Release|Any CPU.ActiveCfg = Release|Any CPU
		{EC3EEFEA-64AB-4E2A-ADA7-6B7FFAD0725D}.Release|Any CPU.Build.0 = Release|Any CPU
		{77B5C86B-A319-4BF0-918E-C2C409DCAFCE}.Debug|Any CPU.ActiveCfg = Debug|Any CPU
		{77B5C86B-A319-4BF0-918E-C2C409DCAFCE}.Debug|Any CPU.Build.0 = Debug|Any CPU
		{77B5C86B-A319-4BF0-918E-C2C409DCAFCE}.Release|Any CPU.ActiveCfg = Release|Any CPU
		{77B5C86B-A319-4BF0-918E-C2C409DCAFCE}.Release|Any CPU.Build.0 = Release|Any CPU
		{5ECB3389-0CAE-4EB8-8C07-8F29D58023E8}.Debug|Any CPU.ActiveCfg = Debug|Any CPU
		{5ECB3389-0CAE-4EB8-8C07-8F29D58023E8}.Debug|Any CPU.Build.0 = Debug|Any CPU
		{5ECB3389-0CAE-4EB8-8C07-8F29D58023E8}.Release|Any CPU.ActiveCfg = Release|Any CPU
		{5ECB3389-0CAE-4EB8-8C07-8F29D58023E8}.Release|Any CPU.Build.0 = Release|Any CPU
		{BB20B036-0E0D-4290-8F27-F624635F5C98}.Debug|Any CPU.ActiveCfg = Debug|Any CPU
		{BB20B036-0E0D-4290-8F27-F624635F5C98}.Debug|Any CPU.Build.0 = Debug|Any CPU
		{BB20B036-0E0D-4290-8F27-F624635F5C98}.Release|Any CPU.ActiveCfg = Release|Any CPU
		{BB20B036-0E0D-4290-8F27-F624635F5C98}.Release|Any CPU.Build.0 = Release|Any CPU
		{F294F7E6-99AB-47A0-A1F2-117CC664BA4B}.Debug|Any CPU.ActiveCfg = Debug|Any CPU
		{F294F7E6-99AB-47A0-A1F2-117CC664BA4B}.Debug|Any CPU.Build.0 = Debug|Any CPU
		{F294F7E6-99AB-47A0-A1F2-117CC664BA4B}.Release|Any CPU.ActiveCfg = Release|Any CPU
		{F294F7E6-99AB-47A0-A1F2-117CC664BA4B}.Release|Any CPU.Build.0 = Release|Any CPU
		{DD0072D7-D81F-4699-80BC-93C813F26F82}.Debug|Any CPU.ActiveCfg = Debug|Any CPU
		{DD0072D7-D81F-4699-80BC-93C813F26F82}.Debug|Any CPU.Build.0 = Debug|Any CPU
		{DD0072D7-D81F-4699-80BC-93C813F26F82}.Release|Any CPU.ActiveCfg = Release|Any CPU
		{DD0072D7-D81F-4699-80BC-93C813F26F82}.Release|Any CPU.Build.0 = Release|Any CPU
		{E5A7C1E3-4240-45D6-A33E-C86F176E3946}.Debug|Any CPU.ActiveCfg = Debug|Any CPU
		{E5A7C1E3-4240-45D6-A33E-C86F176E3946}.Debug|Any CPU.Build.0 = Debug|Any CPU
		{E5A7C1E3-4240-45D6-A33E-C86F176E3946}.Release|Any CPU.ActiveCfg = Release|Any CPU
		{E5A7C1E3-4240-45D6-A33E-C86F176E3946}.Release|Any CPU.Build.0 = Release|Any CPU
		{29E448B3-20E9-4DF4-B823-AA75F3EFF65E}.Debug|Any CPU.ActiveCfg = Debug|Any CPU
		{29E448B3-20E9-4DF4-B823-AA75F3EFF65E}.Debug|Any CPU.Build.0 = Debug|Any CPU
		{29E448B3-20E9-4DF4-B823-AA75F3EFF65E}.Release|Any CPU.ActiveCfg = Release|Any CPU
		{29E448B3-20E9-4DF4-B823-AA75F3EFF65E}.Release|Any CPU.Build.0 = Release|Any CPU
		{7C73F127-0B64-4854-92DA-E07CC1BB5298}.Debug|Any CPU.ActiveCfg = Debug|Any CPU
		{7C73F127-0B64-4854-92DA-E07CC1BB5298}.Debug|Any CPU.Build.0 = Debug|Any CPU
		{7C73F127-0B64-4854-92DA-E07CC1BB5298}.Release|Any CPU.ActiveCfg = Release|Any CPU
		{7C73F127-0B64-4854-92DA-E07CC1BB5298}.Release|Any CPU.Build.0 = Release|Any CPU
		{B5304F67-F23D-4ED8-942D-FDDE64833CD5}.Debug|Any CPU.ActiveCfg = Debug|Any CPU
		{B5304F67-F23D-4ED8-942D-FDDE64833CD5}.Debug|Any CPU.Build.0 = Debug|Any CPU
		{B5304F67-F23D-4ED8-942D-FDDE64833CD5}.Release|Any CPU.ActiveCfg = Release|Any CPU
		{B5304F67-F23D-4ED8-942D-FDDE64833CD5}.Release|Any CPU.Build.0 = Release|Any CPU
		{3F5BACC4-BAAB-4BDB-A215-AC51A6887DC6}.Debug|Any CPU.ActiveCfg = Debug|Any CPU
		{3F5BACC4-BAAB-4BDB-A215-AC51A6887DC6}.Debug|Any CPU.Build.0 = Debug|Any CPU
		{3F5BACC4-BAAB-4BDB-A215-AC51A6887DC6}.Release|Any CPU.ActiveCfg = Release|Any CPU
		{3F5BACC4-BAAB-4BDB-A215-AC51A6887DC6}.Release|Any CPU.Build.0 = Release|Any CPU
		{FD07009A-B16C-4A24-AEC1-A275955E5EE3}.Debug|Any CPU.ActiveCfg = Debug|Any CPU
		{FD07009A-B16C-4A24-AEC1-A275955E5EE3}.Debug|Any CPU.Build.0 = Debug|Any CPU
		{FD07009A-B16C-4A24-AEC1-A275955E5EE3}.Release|Any CPU.ActiveCfg = Release|Any CPU
		{FD07009A-B16C-4A24-AEC1-A275955E5EE3}.Release|Any CPU.Build.0 = Release|Any CPU
		{84D1854B-6133-434E-9F58-1BADAFFED114}.Debug|Any CPU.ActiveCfg = Debug|Any CPU
		{84D1854B-6133-434E-9F58-1BADAFFED114}.Debug|Any CPU.Build.0 = Debug|Any CPU
		{84D1854B-6133-434E-9F58-1BADAFFED114}.Release|Any CPU.ActiveCfg = Release|Any CPU
		{84D1854B-6133-434E-9F58-1BADAFFED114}.Release|Any CPU.Build.0 = Release|Any CPU
		{5228E975-9170-46B2-ABBF-F4C26BF67168}.Debug|Any CPU.ActiveCfg = Debug|Any CPU
		{5228E975-9170-46B2-ABBF-F4C26BF67168}.Debug|Any CPU.Build.0 = Debug|Any CPU
		{5228E975-9170-46B2-ABBF-F4C26BF67168}.Release|Any CPU.ActiveCfg = Release|Any CPU
		{5228E975-9170-46B2-ABBF-F4C26BF67168}.Release|Any CPU.Build.0 = Release|Any CPU
	EndGlobalSection
	GlobalSection(NestedProjects) = preSolution
		{3156ED45-D497-43BB-BF27-CCC4D0FCBAC9} = {D4E24E76-8087-4F0F-92C9-13A7FD89A3FC}
		{EC3EEFEA-64AB-4E2A-ADA7-6B7FFAD0725D} = {D4E24E76-8087-4F0F-92C9-13A7FD89A3FC}
		{77B5C86B-A319-4BF0-918E-C2C409DCAFCE} = {D4E24E76-8087-4F0F-92C9-13A7FD89A3FC}
		{5ECB3389-0CAE-4EB8-8C07-8F29D58023E8} = {D4E24E76-8087-4F0F-92C9-13A7FD89A3FC}
		{BB20B036-0E0D-4290-8F27-F624635F5C98} = {D4E24E76-8087-4F0F-92C9-13A7FD89A3FC}
		{F294F7E6-99AB-47A0-A1F2-117CC664BA4B} = {D4E24E76-8087-4F0F-92C9-13A7FD89A3FC}
		{DD0072D7-D81F-4699-80BC-93C813F26F82} = {EBE9E7B7-1249-48B5-ADDB-755363B5FAB4}
		{E5A7C1E3-4240-45D6-A33E-C86F176E3946} = {EBE9E7B7-1249-48B5-ADDB-755363B5FAB4}
		{29E448B3-20E9-4DF4-B823-AA75F3EFF65E} = {EBE9E7B7-1249-48B5-ADDB-755363B5FAB4}
		{7C73F127-0B64-4854-92DA-E07CC1BB5298} = {A9E0A5B0-0659-43D7-8DA6-ED833AFD589F}
		{B5304F67-F23D-4ED8-942D-FDDE64833CD5} = {A9E0A5B0-0659-43D7-8DA6-ED833AFD589F}
		{3F5BACC4-BAAB-4BDB-A215-AC51A6887DC6} = {A9E0A5B0-0659-43D7-8DA6-ED833AFD589F}
	EndGlobalSection
EndGlobal
