
Microsoft Visual Studio Solution File, Format Version 12.00
# Visual Studio Version 17
VisualStudioVersion = 17.0.31903.59
MinimumVisualStudioVersion = 10.0.40219.1
Project("{2150E333-8FDC-42A3-9474-1A3956D46DE8}") = "src", "src", "{D68D682B-D820-4FB6-AB14-02115F0CF4B3}"
EndProject
Project("{FAE04EC0-301F-11D3-BF4B-00C04F79EFBC}") = "SingamDB.Core", "src\SingamDB.Core\SingamDB.Core.csproj", "{19C01666-B512-4B32-A150-EC60468D09E0}"
EndProject
Project("{FAE04EC0-301F-11D3-BF4B-00C04F79EFBC}") = "SingamDB.Storage", "src\SingamDB.Storage\SingamDB.Storage.csproj", "{66C26045-E697-443A-9A34-4597859FE8D7}"
EndProject
Project("{FAE04EC0-301F-11D3-BF4B-00C04F79EFBC}") = "SingamDB.Indexing", "src\SingamDB.Indexing\SingamDB.Indexing.csproj", "{D9734715-04E5-4FA7-AFB6-A5B23C3A462C}"
EndProject
Project("{FAE04EC0-301F-11D3-BF4B-00C04F79EFBC}") = "SingamDB.Query", "src\SingamDB.Query\SingamDB.Query.csproj", "{C7A66E69-7273-4244-8CAE-81193238A0BE}"
EndProject
Project("{FAE04EC0-301F-11D3-BF4B-00C04F79EFBC}") = "SingamDB.Network", "src\SingamDB.Network\SingamDB.Network.csproj", "{F1A07051-2FF5-48EE-9D68-54578D8C3A33}"
EndProject
Project("{FAE04EC0-301F-11D3-BF4B-00C04F79EFBC}") = "SingamDB.CLI", "src\SingamDB.CLI\SingamDB.CLI.csproj", "{0107D039-12EA-463F-B8D7-1F9E89ADB75B}"
EndProject
Project("{FAE04EC0-301F-11D3-BF4B-00C04F79EFBC}") = "SingamDB.Server", "src\SingamDB.Server\SingamDB.Server.csproj", "{48D305E3-AE42-4ED7-BD10-F6BD7C315C9B}"
EndProject
Project("{2150E333-8FDC-42A3-9474-1A3956D46DE8}") = "tests", "tests", "{2AA2F6BB-2A36-4592-857A-0E9761B82945}"
EndProject
Project("{FAE04EC0-301F-11D3-BF4B-00C04F79EFBC}") = "SingamDB.Core.Tests", "tests\SingamDB.Core.Tests\SingamDB.Core.Tests.csproj", "{0097C54A-C900-4C8D-8646-19368AA0E03A}"
EndProject
Project("{FAE04EC0-301F-11D3-BF4B-00C04F79EFBC}") = "SingamDB.Query.Tests", "tests\SingamDB.Query.Tests\SingamDB.Query.Tests.csproj", "{40B79A93-E4F2-40D3-B2B5-78AAF89DCC72}"
EndProject
Project("{FAE04EC0-301F-11D3-BF4B-00C04F79EFBC}") = "SingamDB.IntegrationTests", "tests\SingamDB.IntegrationTests\SingamDB.IntegrationTests.csproj", "{DFBE203F-CB24-469C-80AB-9A3B0E9FA034}"
EndProject
Project("{2150E333-8FDC-42A3-9474-1A3956D46DE8}") = "examples", "examples", "{B9BB5D00-C73C-4043-B51C-FF855323CC90}"
EndProject
Project("{FAE04EC0-301F-11D3-BF4B-00C04F79EFBC}") = "basic-usage", "examples\basic-usage\basic-usage.csproj", "{ED882EB5-34C8-4B4D-B0F8-612346050CD8}"
EndProject
Project("{FAE04EC0-301F-11D3-BF4B-00C04F79EFBC}") = "crud-example", "examples\crud-example\crud-example.csproj", "{5DBC5553-E380-4FDB-8DDF-E6DCB9D412C5}"
EndProject
Project("{FAE04EC0-301F-11D3-BF4B-00C04F79EFBC}") = "advanced-query", "examples\advanced-query\advanced-query.csproj", "{8163FF56-91AC-491F-AF30-54406E480A6F}"
EndProject
Project("{2150E333-8FDC-42A3-9474-1A3956D46DE8}") = "benchmarks", "benchmarks", "{22F1E3F1-5942-48A8-8E3F-AD3C2401D54E}"
EndProject
Project("{FAE04EC0-301F-11D3-BF4B-00C04F79EFBC}") = "SingamDB.Benchmark", "benchmarks\SingamDB.Benchmark\SingamDB.Benchmark.csproj", "{B01606AC-024C-46BC-9F31-F3745907C6C4}"
EndProject
Project("{FAE04EC0-301F-11D3-BF4B-00C04F79EFBC}") = "SingamDB.HttpBenchmark", "benchmarks\SingamDB.HttpBenchmark\SingamDB.HttpBenchmark.csproj", "{26C3F51B-E2B5-44D4-A066-B977A9E9D4A2}"
EndProject
Global
	GlobalSection(SolutionConfigurationPlatforms) = preSolution
		Debug|Any CPU = Debug|Any CPU
		Release|Any CPU = Release|Any CPU
	EndGlobalSection
	GlobalSection(SolutionProperties) = preSolution
		HideSolutionNode = FALSE
	EndGlobalSection
	GlobalSection(ProjectConfigurationPlatforms) = postSolution
		{19C01666-B512-4B32-A150-EC60468D09E0}.Debug|Any CPU.ActiveCfg = Debug|Any CPU
		{19C01666-B512-4B32-A150-EC60468D09E0}.Debug|Any CPU.Build.0 = Debug|Any CPU
		{19C01666-B512-4B32-A150-EC60468D09E0}.Release|Any CPU.ActiveCfg = Release|Any CPU
		{19C01666-B512-4B32-A150-EC60468D09E0}.Release|Any CPU.Build.0 = Release|Any CPU
		{66C26045-E697-443A-9A34-4597859FE8D7}.Debug|Any CPU.ActiveCfg = Debug|Any CPU
		{66C26045-E697-443A-9A34-4597859FE8D7}.Debug|Any CPU.Build.0 = Debug|Any CPU
		{66C26045-E697-443A-9A34-4597859FE8D7}.Release|Any CPU.ActiveCfg = Release|Any CPU
		{66C26045-E697-443A-9A34-4597859FE8D7}.Release|Any CPU.Build.0 = Release|Any CPU
		{D9734715-04E5-4FA7-AFB6-A5B23C3A462C}.Debug|Any CPU.ActiveCfg = Debug|Any CPU
		{D9734715-04E5-4FA7-AFB6-A5B23C3A462C}.Debug|Any CPU.Build.0 = Debug|Any CPU
		{D9734715-04E5-4FA7-AFB6-A5B23C3A462C}.Release|Any CPU.ActiveCfg = Release|Any CPU
		{D9734715-04E5-4FA7-AFB6-A5B23C3A462C}.Release|Any CPU.Build.0 = Release|Any CPU
		{C7A66E69-7273-4244-8CAE-81193238A0BE}.Debug|Any CPU.ActiveCfg = Debug|Any CPU
		{C7A66E69-7273-4244-8CAE-81193238A0BE}.Debug|Any CPU.Build.0 = Debug|Any CPU
		{C7A66E69-7273-4244-8CAE-81193238A0BE}.Release|Any CPU.ActiveCfg = Release|Any CPU
		{C7A66E69-7273-4244-8CAE-81193238A0BE}.Release|Any CPU.Build.0 = Release|Any CPU
		{F1A07051-2FF5-48EE-9D68-54578D8C3A33}.Debug|Any CPU.ActiveCfg = Debug|Any CPU
		{F1A07051-2FF5-48EE-9D68-54578D8C3A33}.Debug|Any CPU.Build.0 = Debug|Any CPU
		{F1A07051-2FF5-48EE-9D68-54578D8C3A33}.Release|Any CPU.ActiveCfg = Release|Any CPU
		{F1A07051-2FF5-48EE-9D68-54578D8C3A33}.Release|Any CPU.Build.0 = Release|Any CPU
		{0107D039-12EA-463F-B8D7-1F9E89ADB75B}.Debug|Any CPU.ActiveCfg = Debug|Any CPU
		{0107D039-12EA-463F-B8D7-1F9E89ADB75B}.Debug|Any CPU.Build.0 = Debug|Any CPU
		{0107D039-12EA-463F-B8D7-1F9E89ADB75B}.Release|Any CPU.ActiveCfg = Release|Any CPU
		{0107D039-12EA-463F-B8D7-1F9E89ADB75B}.Release|Any CPU.Build.0 = Release|Any CPU
		{48D305E3-AE42-4ED7-BD10-F6BD7C315C9B}.Debug|Any CPU.ActiveCfg = Debug|Any CPU
		{48D305E3-AE42-4ED7-BD10-F6BD7C315C9B}.Debug|Any CPU.Build.0 = Debug|Any CPU
		{48D305E3-AE42-4ED7-BD10-F6BD7C315C9B}.Release|Any CPU.ActiveCfg = Release|Any CPU
		{48D305E3-AE42-4ED7-BD10-F6BD7C315C9B}.Release|Any CPU.Build.0 = Release|Any CPU
		{0097C54A-C900-4C8D-8646-19368AA0E03A}.Debug|Any CPU.ActiveCfg = Debug|Any CPU
		{0097C54A-C900-4C8D-8646-19368AA0E03A}.Debug|Any CPU.Build.0 = Debug|Any CPU
		{0097C54A-C900-4C8D-8646-19368AA0E03A}.Release|Any CPU.ActiveCfg = Release|Any CPU
		{0097C54A-C900-4C8D-8646-19368AA0E03A}.Release|Any CPU.Build.0 = Release|Any CPU
		{40B79A93-E4F2-40D3-B2B5-78AAF89DCC72}.Debug|Any CPU.ActiveCfg = Debug|Any CPU
		{40B79A93-E4F2-40D3-B2B5-78AAF89DCC72}.Debug|Any CPU.Build.0 = Debug|Any CPU
		{40B79A93-E4F2-40D3-B2B5-78AAF89DCC72}.Release|Any CPU.ActiveCfg = Release|Any CPU
		{40B79A93-E4F2-40D3-B2B5-78AAF89DCC72}.Release|Any CPU.Build.0 = Release|Any CPU
		{DFBE203F-CB24-469C-80AB-9A3B0E9FA034}.Debug|Any CPU.ActiveCfg = Debug|Any CPU
		{DFBE203F-CB24-469C-80AB-9A3B0E9FA034}.Debug|Any CPU.Build.0 = Debug|Any CPU
		{DFBE203F-CB24-469C-80AB-9A3B0E9FA034}.Release|Any CPU.ActiveCfg = Release|Any CPU
		{DFBE203F-CB24-469C-80AB-9A3B0E9FA034}.Release|Any CPU.Build.0 = Release|Any CPU
		{ED882EB5-34C8-4B4D-B0F8-612346050CD8}.Debug|Any CPU.ActiveCfg = Debug|Any CPU
		{ED882EB5-34C8-4B4D-B0F8-612346050CD8}.Debug|Any CPU.Build.0 = Debug|Any CPU
		{ED882EB5-34C8-4B4D-B0F8-612346050CD8}.Release|Any CPU.ActiveCfg = Release|Any CPU
		{ED882EB5-34C8-4B4D-B0F8-612346050CD8}.Release|Any CPU.Build.0 = Release|Any CPU
		{5DBC5553-E380-4FDB-8DDF-E6DCB9D412C5}.Debug|Any CPU.ActiveCfg = Debug|Any CPU
		{5DBC5553-E380-4FDB-8DDF-E6DCB9D412C5}.Debug|Any CPU.Build.0 = Debug|Any CPU
		{5DBC5553-E380-4FDB-8DDF-E6DCB9D412C5}.Release|Any CPU.ActiveCfg = Release|Any CPU
		{5DBC5553-E380-4FDB-8DDF-E6DCB9D412C5}.Release|Any CPU.Build.0 = Release|Any CPU
		{8163FF56-91AC-491F-AF30-54406E480A6F}.Debug|Any CPU.ActiveCfg = Debug|Any CPU
		{8163FF56-91AC-491F-AF30-54406E480A6F}.Debug|Any CPU.Build.0 = Debug|Any CPU
		{8163FF56-91AC-491F-AF30-54406E480A6F}.Release|Any CPU.ActiveCfg = Release|Any CPU
		{8163FF56-91AC-491F-AF30-54406E480A6F}.Release|Any CPU.Build.0 = Release|Any CPU
		{B01606AC-024C-46BC-9F31-F3745907C6C4}.Debug|Any CPU.ActiveCfg = Debug|Any CPU
		{B01606AC-024C-46BC-9F31-F3745907C6C4}.Debug|Any CPU.Build.0 = Debug|Any CPU
		{B01606AC-024C-46BC-9F31-F3745907C6C4}.Release|Any CPU.ActiveCfg = Release|Any CPU
		{B01606AC-024C-46BC-9F31-F3745907C6C4}.Release|Any CPU.Build.0 = Release|Any CPU
		{26C3F51B-E2B5-44D4-A066-B977A9E9D4A2}.Debug|Any CPU.ActiveCfg = Debug|Any CPU
		{26C3F51B-E2B5-44D4-A066-B977A9E9D4A2}.Debug|Any CPU.Build.0 = Debug|Any CPU
		{26C3F51B-E2B5-44D4-A066-B977A9E9D4A2}.Release|Any CPU.ActiveCfg = Release|Any CPU
		{26C3F51B-E2B5-44D4-A066-B977A9E9D4A2}.Release|Any CPU.Build.0 = Release|Any CPU
	EndGlobalSection
	GlobalSection(NestedProjects) = preSolution
		{19C01666-B512-4B32-A150-EC60468D09E0} = {D68D682B-D820-4FB6-AB14-02115F0CF4B3}
		{66C26045-E697-443A-9A34-4597859FE8D7} = {D68D682B-D820-4FB6-AB14-02115F0CF4B3}
		{D9734715-04E5-4FA7-AFB6-A5B23C3A462C} = {D68D682B-D820-4FB6-AB14-02115F0CF4B3}
		{C7A66E69-7273-4244-8CAE-81193238A0BE} = {D68D682B-D820-4FB6-AB14-02115F0CF4B3}
		{F1A07051-2FF5-48EE-9D68-54578D8C3A33} = {D68D682B-D820-4FB6-AB14-02115F0CF4B3}
		{0107D039-12EA-463F-B8D7-1F9E89ADB75B} = {D68D682B-D820-4FB6-AB14-02115F0CF4B3}
		{48D305E3-AE42-4ED7-BD10-F6BD7C315C9B} = {D68D682B-D820-4FB6-AB14-02115F0CF4B3}
		{0097C54A-C900-4C8D-8646-19368AA0E03A} = {2AA2F6BB-2A36-4592-857A-0E9761B82945}
		{40B79A93-E4F2-40D3-B2B5-78AAF89DCC72} = {2AA2F6BB-2A36-4592-857A-0E9761B82945}
		{DFBE203F-CB24-469C-80AB-9A3B0E9FA034} = {2AA2F6BB-2A36-4592-857A-0E9761B82945}
		{ED882EB5-34C8-4B4D-B0F8-612346050CD8} = {B9BB5D00-C73C-4043-B51C-FF855323CC90}
		{5DBC5553-E380-4FDB-8DDF-E6DCB9D412C5} = {B9BB5D00-C73C-4043-B51C-FF855323CC90}
		{8163FF56-91AC-491F-AF30-54406E480A6F} = {B9BB5D00-C73C-4043-B51C-FF855323CC90}
		{B01606AC-024C-46BC-9F31-F3745907C6C4} = {22F1E3F1-5942-48A8-8E3F-AD3C2401D54E}
		{26C3F51B-E2B5-44D4-A066-B977A9E9D4A2} = {22F1E3F1-5942-48A8-8E3F-AD3C2401D54E}
	EndGlobalSection
EndGlobal
